// !$*UTF8*$!
{
	archiveVersion = 1;
	classes = {
	};
	objectVersion = 56;
	objects = {

/* Begin PBXBuildFile section */
		939FD40D2A64100C00F5F78F /* AppDelegate.swift in Sources */ = {isa = PBXBuildFile; fileRef = 939FD40C2A64100C00F5F78F /* AppDelegate.swift */; };
		939FD40F2A64100C00F5F78F /* SceneDelegate.swift in Sources */ = {isa = PBXBuildFile; fileRef = 939FD40E2A64100C00F5F78F /* SceneDelegate.swift */; };
		939FD4112A64100C00F5F78F /* ComponentsViewController.swift in Sources */ = {isa = PBXBuildFile; fileRef = 939FD4102A64100C00F5F78F /* ComponentsViewController.swift */; };
		939FD4162A64100E00F5F78F /* Assets.xcassets in Resources */ = {isa = PBXBuildFile; fileRef = 939FD4152A64100E00F5F78F /* Assets.xcassets */; };
		939FD4192A64100E00F5F78F /* LaunchScreen.storyboard in Resources */ = {isa = PBXBuildFile; fileRef = 939FD4172A64100E00F5F78F /* LaunchScreen.storyboard */; };
		93A9603A2A65A48F003A4044 /* MainViewController.swift in Sources */ = {isa = PBXBuildFile; fileRef = 93A960392A65A48F003A4044 /* MainViewController.swift */; };
		93A9603C2A65A6F2003A4044 /* OrnamentViewController.swift in Sources */ = {isa = PBXBuildFile; fileRef = 93A9603B2A65A6F2003A4044 /* OrnamentViewController.swift */; };
		C4F5E3F92B9E6E840099F788 /* ComponentsView.swift in Sources */ = {isa = PBXBuildFile; fileRef = C4F5E3F82B9E6E840099F788 /* ComponentsView.swift */; };
		C4F5E3FD2B9E72F30099F788 /* MainView.swift in Sources */ = {isa = PBXBuildFile; fileRef = C4F5E3FC2B9E72F30099F788 /* MainView.swift */; };
		C4F5E4012B9E7D290099F788 /* OrnamentView.swift in Sources */ = {isa = PBXBuildFile; fileRef = C4F5E4002B9E7D290099F788 /* OrnamentView.swift */; };
/* End PBXBuildFile section */

/* Begin PBXFileReference section */
		939FD4092A64100C00F5F78F /* VisionProWithUIKit.app */ = {isa = PBXFileReference; explicitFileType = wrapper.application; includeInIndex = 0; path = VisionProWithUIKit.app; sourceTree = BUILT_PRODUCTS_DIR; };
		939FD40C2A64100C00F5F78F /* AppDelegate.swift */ = {isa = PBXFileReference; lastKnownFileType = sourcecode.swift; path = AppDelegate.swift; sourceTree = "<group>"; };
		939FD40E2A64100C00F5F78F /* SceneDelegate.swift */ = {isa = PBXFileReference; lastKnownFileType = sourcecode.swift; path = SceneDelegate.swift; sourceTree = "<group>"; };
		939FD4102A64100C00F5F78F /* ComponentsViewController.swift */ = {isa = PBXFileReference; lastKnownFileType = sourcecode.swift; path = ComponentsViewController.swift; sourceTree = "<group>"; };
		939FD4152A64100E00F5F78F /* Assets.xcassets */ = {isa = PBXFileReference; lastKnownFileType = folder.assetcatalog; path = Assets.xcassets; sourceTree = "<group>"; };
		939FD4182A64100E00F5F78F /* Base */ = {isa = PBXFileReference; lastKnownFileType = file.storyboard; name = Base; path = Base.lproj/LaunchScreen.storyboard; sourceTree = "<group>"; };
		939FD41A2A64100E00F5F78F /* Info.plist */ = {isa = PBXFileReference; lastKnownFileType = text.plist.xml; path = Info.plist; sourceTree = "<group>"; };
		93A960392A65A48F003A4044 /* MainViewController.swift */ = {isa = PBXFileReference; lastKnownFileType = sourcecode.swift; path = MainViewController.swift; sourceTree = "<group>"; };
		93A9603B2A65A6F2003A4044 /* OrnamentViewController.swift */ = {isa = PBXFileReference; lastKnownFileType = sourcecode.swift; path = OrnamentViewController.swift; sourceTree = "<group>"; };
		C4F5E3F82B9E6E840099F788 /* ComponentsView.swift */ = {isa = PBXFileReference; lastKnownFileType = sourcecode.swift; path = ComponentsView.swift; sourceTree = "<group>"; };
		C4F5E3FC2B9E72F30099F788 /* MainView.swift */ = {isa = PBXFileReference; lastKnownFileType = sourcecode.swift; path = MainView.swift; sourceTree = "<group>"; };
		C4F5E4002B9E7D290099F788 /* OrnamentView.swift */ = {isa = PBXFileReference; lastKnownFileType = sourcecode.swift; path = OrnamentView.swift; sourceTree = "<group>"; };
/* End PBXFileReference section */

/* Begin PBXFrameworksBuildPhase section */
		939FD4062A64100C00F5F78F /* Frameworks */ = {
			isa = PBXFrameworksBuildPhase;
			buildActionMask = 2147483647;
			files = (
			);
			runOnlyForDeploymentPostprocessing = 0;
		};
/* End PBXFrameworksBuildPhase section */

/* Begin PBXGroup section */
		939FD4002A64100C00F5F78F = {
			isa = PBXGroup;
			children = (
				939FD40B2A64100C00F5F78F /* VisionProWithUIKit */,
				939FD40A2A64100C00F5F78F /* Products */,
			);
			sourceTree = "<group>";
		};
		939FD40A2A64100C00F5F78F /* Products */ = {
			isa = PBXGroup;
			children = (
				939FD4092A64100C00F5F78F /* VisionProWithUIKit.app */,
			);
			name = Products;
			sourceTree = "<group>";
		};
		939FD40B2A64100C00F5F78F /* VisionProWithUIKit */ = {
			isa = PBXGroup;
			children = (
				939FD40C2A64100C00F5F78F /* AppDelegate.swift */,
				939FD40E2A64100C00F5F78F /* SceneDelegate.swift */,
				93B8C9842A90F00F0011D6EF /* Demos */,
				93B8C9852A90F0270011D6EF /* Resources */,
				939FD41A2A64100E00F5F78F /* Info.plist */,
			);
			path = VisionProWithUIKit;
			sourceTree = "<group>";
		};
		93B8C9842A90F00F0011D6EF /* Demos */ = {
			isa = PBXGroup;
			children = (
				93A960392A65A48F003A4044 /* MainViewController.swift */,
				C4F5E3FC2B9E72F30099F788 /* MainView.swift */,
				939FD4102A64100C00F5F78F /* ComponentsViewController.swift */,
				C4F5E3F82B9E6E840099F788 /* ComponentsView.swift */,
				93A9603B2A65A6F2003A4044 /* OrnamentViewController.swift */,
				C4F5E4002B9E7D290099F788 /* OrnamentView.swift */,
			);
			path = Demos;
			sourceTree = "<group>";
		};
		93B8C9852A90F0270011D6EF /* Resources */ = {
			isa = PBXGroup;
			children = (
				939FD4152A64100E00F5F78F /* Assets.xcassets */,
				939FD4172A64100E00F5F78F /* LaunchScreen.storyboard */,
			);
			path = Resources;
			sourceTree = "<group>";
		};
/* End PBXGroup section */

/* Begin PBXNativeTarget section */
		939FD4082A64100C00F5F78F /* VisionProWithUIKit */ = {
			isa = PBXNativeTarget;
			buildConfigurationList = 939FD41D2A64100E00F5F78F /* Build configuration list for PBXNativeTarget "VisionProWithUIKit" */;
			buildPhases = (
				939FD4052A64100C00F5F78F /* Sources */,
				939FD4062A64100C00F5F78F /* Frameworks */,
				939FD4072A64100C00F5F78F /* Resources */,
			);
			buildRules = (
			);
			dependencies = (
			);
			name = VisionProWithUIKit;
			productName = VisionProWithUIKit;
			productReference = 939FD4092A64100C00F5F78F /* VisionProWithUIKit.app */;
			productType = "com.apple.product-type.application";
		};
/* End PBXNativeTarget section */

/* Begin PBXProject section */
		939FD4012A64100C00F5F78F /* Project object */ = {
			isa = PBXProject;
			attributes = {
				BuildIndependentTargetsInParallel = 1;
				LastSwiftUpdateCheck = 1500;
				LastUpgradeCheck = 1500;
				TargetAttributes = {
					939FD4082A64100C00F5F78F = {
						CreatedOnToolsVersion = 15.0;
					};
				};
			};
			buildConfigurationList = 939FD4042A64100C00F5F78F /* Build configuration list for PBXProject "VisionProWithUIKit" */;
			compatibilityVersion = "Xcode 14.0";
			developmentRegion = en;
			hasScannedForEncodings = 0;
			knownRegions = (
				en,
				Base,
			);
			mainGroup = 939FD4002A64100C00F5F78F;
			productRefGroup = 939FD40A2A64100C00F5F78F /* Products */;
			projectDirPath = "";
			projectRoot = "";
			targets = (
				939FD4082A64100C00F5F78F /* VisionProWithUIKit */,
			);
		};
/* End PBXProject section */

/* Begin PBXResourcesBuildPhase section */
		939FD4072A64100C00F5F78F /* Resources */ = {
			isa = PBXResourcesBuildPhase;
			buildActionMask = 2147483647;
			files = (
				939FD4192A64100E00F5F78F /* LaunchScreen.storyboard in Resources */,
				939FD4162A64100E00F5F78F /* Assets.xcassets in Resources */,
			);
			runOnlyForDeploymentPostprocessing = 0;
		};
/* End PBXResourcesBuildPhase section */

/* Begin PBXSourcesBuildPhase section */
		939FD4052A64100C00F5F78F /* Sources */ = {
			isa = PBXSourcesBuildPhase;
			buildActionMask = 2147483647;
			files = (
				939FD4112A64100C00F5F78F /* ComponentsViewController.swift in Sources */,
				93A9603C2A65A6F2003A4044 /* OrnamentViewController.swift in Sources */,
				939FD40D2A64100C00F5F78F /* AppDelegate.swift in Sources */,
				93A9603A2A65A48F003A4044 /* MainViewController.swift in Sources */,
				C4F5E4012B9E7D290099F788 /* OrnamentView.swift in Sources */,
				C4F5E3F92B9E6E840099F788 /* ComponentsView.swift in Sources */,
				C4F5E3FD2B9E72F30099F788 /* MainView.swift in Sources */,
				939FD40F2A64100C00F5F78F /* SceneDelegate.swift in Sources */,
			);
			runOnlyForDeploymentPostprocessing = 0;
		};
/* End PBXSourcesBuildPhase section */

/* Begin PBXVariantGroup section */
		939FD4172A64100E00F5F78F /* LaunchScreen.storyboard */ = {
			isa = PBXVariantGroup;
			children = (
				939FD4182A64100E00F5F78F /* Base */,
			);
			name = LaunchScreen.storyboard;
			sourceTree = "<group>";
		};
/* End PBXVariantGroup section */

/* Begin XCBuildConfiguration section */
		939FD41B2A64100E00F5F78F /* Debug */ = {
			isa = XCBuildConfiguration;
			buildSettings = {
				ALWAYS_SEARCH_USER_PATHS = NO;
				ASSETCATALOG_COMPILER_GENERATE_SWIFT_ASSET_SYMBOL_EXTENSIONS = YES;
				CLANG_ANALYZER_NONNULL = YES;
				CLANG_ANALYZER_NUMBER_OBJECT_CONVERSION = YES_AGGRESSIVE;
				CLANG_CXX_LANGUAGE_STANDARD = "gnu++20";
				CLANG_ENABLE_MODULES = YES;
				CLANG_ENABLE_OBJC_ARC = YES;
				CLANG_ENABLE_OBJC_WEAK = YES;
				CLANG_WARN_BLOCK_CAPTURE_AUTORELEASING = YES;
				CLANG_WARN_BOOL_CONVERSION = YES;
				CLANG_WARN_COMMA = YES;
				CLANG_WARN_CONSTANT_CONVERSION = YES;
				CLANG_WARN_DEPRECATED_OBJC_IMPLEMENTATIONS = YES;
				CLANG_WARN_DIRECT_OBJC_ISA_USAGE = YES_ERROR;
				CLANG_WARN_DOCUMENTATION_COMMENTS = YES;
				CLANG_WARN_EMPTY_BODY = YES;
				CLANG_WARN_ENUM_CONVERSION = YES;
				CLANG_WARN_INFINITE_RECURSION = YES;
				CLANG_WARN_INT_CONVERSION = YES;
				CLANG_WARN_NON_LITERAL_NULL_CONVERSION = YES;
				CLANG_WARN_OBJC_IMPLICIT_RETAIN_SELF = YES;
				CLANG_WARN_OBJC_LITERAL_CONVERSION = YES;
				CLANG_WARN_OBJC_ROOT_CLASS = YES_ERROR;
				CLANG_WARN_QUOTED_INCLUDE_IN_FRAMEWORK_HEADER = YES;
				CLANG_WARN_RANGE_LOOP_ANALYSIS = YES;
				CLANG_WARN_STRICT_PROTOTYPES = YES;
				CLANG_WARN_SUSPICIOUS_MOVE = YES;
				CLANG_WARN_UNGUARDED_AVAILABILITY = YES_AGGRESSIVE;
				CLANG_WARN_UNREACHABLE_CODE = YES;
				CLANG_WARN__DUPLICATE_METHOD_MATCH = YES;
				COPY_PHASE_STRIP = NO;
				DEBUG_INFORMATION_FORMAT = dwarf;
				ENABLE_STRICT_OBJC_MSGSEND = YES;
				ENABLE_TESTABILITY = YES;
				ENABLE_USER_SCRIPT_SANDBOXING = YES;
				GCC_C_LANGUAGE_STANDARD = gnu17;
				GCC_DYNAMIC_NO_PIC = NO;
				GCC_NO_COMMON_BLOCKS = YES;
				GCC_OPTIMIZATION_LEVEL = 0;
				GCC_PREPROCESSOR_DEFINITIONS = (
					"DEBUG=1",
					"$(inherited)",
				);
				GCC_WARN_64_TO_32_BIT_CONVERSION = YES;
				GCC_WARN_ABOUT_RETURN_TYPE = YES_ERROR;
				GCC_WARN_UNDECLARED_SELECTOR = YES;
				GCC_WARN_UNINITIALIZED_AUTOS = YES_AGGRESSIVE;
				GCC_WARN_UNUSED_FUNCTION = YES;
				GCC_WARN_UNUSED_VARIABLE = YES;
				IPHONEOS_DEPLOYMENT_TARGET = 17.0;
				LOCALIZATION_PREFERS_STRING_CATALOGS = YES;
				MTL_ENABLE_DEBUG_INFO = INCLUDE_SOURCE;
				MTL_FAST_MATH = YES;
				ONLY_ACTIVE_ARCH = YES;
				SDKROOT = iphoneos;
				SWIFT_ACTIVE_COMPILATION_CONDITIONS = "DEBUG $(inherited)";
				SWIFT_OPTIMIZATION_LEVEL = "-Onone";
			};
			name = Debug;
		};
		939FD41C2A64100E00F5F78F /* Release */ = {
			isa = XCBuildConfiguration;
			buildSettings = {
				ALWAYS_SEARCH_USER_PATHS = NO;
				ASSETCATALOG_COMPILER_GENERATE_SWIFT_ASSET_SYMBOL_EXTENSIONS = YES;
				CLANG_ANALYZER_NONNULL = YES;
				CLANG_ANALYZER_NUMBER_OBJECT_CONVERSION = YES_AGGRESSIVE;
				CLANG_CXX_LANGUAGE_STANDARD = "gnu++20";
				CLANG_ENABLE_MODULES = YES;
				CLANG_ENABLE_OBJC_ARC = YES;
				CLANG_ENABLE_OBJC_WEAK = YES;
				CLANG_WARN_BLOCK_CAPTURE_AUTORELEASING = YES;
				CLANG_WARN_BOOL_CONVERSION = YES;
				CLANG_WARN_COMMA = YES;
				CLANG_WARN_CONSTANT_CONVERSION = YES;
				CLANG_WARN_DEPRECATED_OBJC_IMPLEMENTATIONS = YES;
				CLANG_WARN_DIRECT_OBJC_ISA_USAGE = YES_ERROR;
				CLANG_WARN_DOCUMENTATION_COMMENTS = YES;
				CLANG_WARN_EMPTY_BODY = YES;
				CLANG_WARN_ENUM_CONVERSION = YES;
				CLANG_WARN_INFINITE_RECURSION = YES;
				CLANG_WARN_INT_CONVERSION = YES;
				CLANG_WARN_NON_LITERAL_NULL_CONVERSION = YES;
				CLANG_WARN_OBJC_IMPLICIT_RETAIN_SELF = YES;
				CLANG_WARN_OBJC_LITERAL_CONVERSION = YES;
				CLANG_WARN_OBJC_ROOT_CLASS = YES_ERROR;
				CLANG_WARN_QUOTED_INCLUDE_IN_FRAMEWORK_HEADER = YES;
				CLANG_WARN_RANGE_LOOP_ANALYSIS = YES;
				CLANG_WARN_STRICT_PROTOTYPES = YES;
				CLANG_WARN_SUSPICIOUS_MOVE = YES;
				CLANG_WARN_UNGUARDED_AVAILABILITY = YES_AGGRESSIVE;
				CLANG_WARN_UNREACHABLE_CODE = YES;
				CLANG_WARN__DUPLICATE_METHOD_MATCH = YES;
				COPY_PHASE_STRIP = NO;
				DEBUG_INFORMATION_FORMAT = "dwarf-with-dsym";
				ENABLE_NS_ASSERTIONS = NO;
				ENABLE_STRICT_OBJC_MSGSEND = YES;
				ENABLE_USER_SCRIPT_SANDBOXING = YES;
				GCC_C_LANGUAGE_STANDARD = gnu17;
				GCC_NO_COMMON_BLOCKS = YES;
				GCC_WARN_64_TO_32_BIT_CONVERSION = YES;
				GCC_WARN_ABOUT_RETURN_TYPE = YES_ERROR;
				GCC_WARN_UNDECLARED_SELECTOR = YES;
				GCC_WARN_UNINITIALIZED_AUTOS = YES_AGGRESSIVE;
				GCC_WARN_UNUSED_FUNCTION = YES;
				GCC_WARN_UNUSED_VARIABLE = YES;
				IPHONEOS_DEPLOYMENT_TARGET = 17.0;
				LOCALIZATION_PREFERS_STRING_CATALOGS = YES;
				MTL_ENABLE_DEBUG_INFO = NO;
				MTL_FAST_MATH = YES;
				SDKROOT = iphoneos;
				SWIFT_COMPILATION_MODE = wholemodule;
				VALIDATE_PRODUCT = YES;
			};
			name = Release;
		};
		939FD41E2A64100E00F5F78F /* Debug */ = {
			isa = XCBuildConfiguration;
			buildSettings = {
				ASSETCATALOG_COMPILER_APPICON_NAME = AppIcon;
				ASSETCATALOG_COMPILER_GLOBAL_ACCENT_COLOR_NAME = AccentColor;
				CODE_SIGN_STYLE = Automatic;
				CURRENT_PROJECT_VERSION = 1;
				DEVELOPMENT_TEAM = 8G7W6WCEM9;
				GENERATE_INFOPLIST_FILE = YES;
				INFOPLIST_FILE = VisionProWithUIKit/Info.plist;
				INFOPLIST_KEY_CFBundleDisplayName = "VisionOS for UIKit";
				INFOPLIST_KEY_UIApplicationSupportsIndirectInputEvents = YES;
				INFOPLIST_KEY_UILaunchStoryboardName = LaunchScreen;
				INFOPLIST_KEY_UISupportedInterfaceOrientations_iPad = "UIInterfaceOrientationPortrait UIInterfaceOrientationPortraitUpsideDown UIInterfaceOrientationLandscapeLeft UIInterfaceOrientationLandscapeRight";
				INFOPLIST_KEY_UISupportedInterfaceOrientations_iPhone = "UIInterfaceOrientationPortrait UIInterfaceOrientationLandscapeLeft UIInterfaceOrientationLandscapeRight";
				LD_RUNPATH_SEARCH_PATHS = (
					"$(inherited)",
					"@executable_path/Frameworks",
				);
				MARKETING_VERSION = 1.0;
				PRODUCT_BUNDLE_IDENTIFIER = "com.iOS-Taipei.VisionProWithUIKit";
				PRODUCT_NAME = "$(TARGET_NAME)";
				SUPPORTED_PLATFORMS = "iphoneos iphonesimulator xros xrsimulator";
				SUPPORTS_MACCATALYST = NO;
				SWIFT_EMIT_LOC_STRINGS = YES;
				SWIFT_VERSION = 5.0;
				TARGETED_DEVICE_FAMILY = "1,2,7";
			};
			name = Debug;
		};
		939FD41F2A64100E00F5F78F /* Release */ = {
			isa = XCBuildConfiguration;
			buildSettings = {
				ASSETCATALOG_COMPILER_APPICON_NAME = AppIcon;
				ASSETCATALOG_COMPILER_GLOBAL_ACCENT_COLOR_NAME = AccentColor;
				CODE_SIGN_STYLE = Automatic;
				CURRENT_PROJECT_VERSION = 1;
				DEVELOPMENT_TEAM = 8G7W6WCEM9;
				GENERATE_INFOPLIST_FILE = YES;
				INFOPLIST_FILE = VisionProWithUIKit/Info.plist;
				INFOPLIST_KEY_CFBundleDisplayName = "VisionOS for UIKit";
				INFOPLIST_KEY_UIApplicationSupportsIndirectInputEvents = YES;
				INFOPLIST_KEY_UILaunchStoryboardName = LaunchScreen;
				INFOPLIST_KEY_UISupportedInterfaceOrientations_iPad = "UIInterfaceOrientationPortrait UIInterfaceOrientationPortraitUpsideDown UIInterfaceOrientationLandscapeLeft UIInterfaceOrientationLandscapeRight";
				INFOPLIST_KEY_UISupportedInterfaceOrientations_iPhone = "UIInterfaceOrientationPortrait UIInterfaceOrientationLandscapeLeft UIInterfaceOrientationLandscapeRight";
				LD_RUNPATH_SEARCH_PATHS = (
					"$(inherited)",
					"@executable_path/Frameworks",
				);
				MARKETING_VERSION = 1.0;
				PRODUCT_BUNDLE_IDENTIFIER = "com.iOS-Taipei.VisionProWithUIKit";
				PRODUCT_NAME = "$(TARGET_NAME)";
				SUPPORTED_PLATFORMS = "iphoneos iphonesimulator xros xrsimulator";
				SUPPORTS_MACCATALYST = NO;
				SWIFT_EMIT_LOC_STRINGS = YES;
				SWIFT_VERSION = 5.0;
				TARGETED_DEVICE_FAMILY = "1,2,7";
			};
			name = Release;
		};
/* End XCBuildConfiguration section */

/* Begin XCConfigurationList section */
		939FD4042A64100C00F5F78F /* Build configuration list for PBXProject "VisionProWithUIKit" */ = {
			isa = XCConfigurationList;
			buildConfigurations = (
				939FD41B2A64100E00F5F78F /* Debug */,
				939FD41C2A64100E00F5F78F /* Release */,
			);
			defaultConfigurationIsVisible = 0;
			defaultConfigurationName = Release;
		};
		939FD41D2A64100E00F5F78F /* Build configuration list for PBXNativeTarget "VisionProWithUIKit" */ = {
			isa = XCConfigurationList;
			buildConfigurations = (
				939FD41E2A64100E00F5F78F /* Debug */,
				939FD41F2A64100E00F5F78F /* Release */,
			);
			defaultConfigurationIsVisible = 0;
			defaultConfigurationName = Release;
		};
/* End XCConfigurationList section */
	};
	rootObject = 939FD4012A64100C00F5F78F /* Project object */;
}
